
Microsoft Visual Studio Solution File, Format Version 12.00
# Visual Studio Version 16
VisualStudioVersion = 16.0.31424.327
MinimumVisualStudioVersion = 10.0.40219.1
Project("{FAE04EC0-301F-11D3-BF4B-00C04F79EFBC}") = "FinProj", "FinProj\FinProj.csproj", "{CA1FAF81-1A19-4E22-88E3-FF834C9F2310}"
EndProject
Global
	GlobalSection(SolutionConfigurationPlatforms) = preSolution
		Debug|Any CPU = Debug|Any CPU
		Release|Any CPU = Release|Any CPU
	EndGlobalSection
	GlobalSection(ProjectConfigurationPlatforms) = postSolution
		{CA1FAF81-1A19-4E22-88E3-FF834C9F2310}.Debug|Any CPU.ActiveCfg = Debug|Any CPU
		{CA1FAF81-1A19-4E22-88E3-FF834C9F2310}.Debug|Any CPU.Build.0 = Debug|Any CPU
		{CA1FAF81-1A19-4E22-88E3-FF834C9F2310}.Release|Any CPU.ActiveCfg = Release|Any CPU
		{CA1FAF81-1A19-4E22-88E3-FF834C9F2310}.Release|Any CPU.Build.0 = Release|Any CPU
	EndGlobalSection
	GlobalSection(SolutionProperties) = preSolution
		HideSolutionNode = FALSE
	EndGlobalSection
	GlobalSection(ExtensibilityGlobals) = postSolution
		SolutionGuid = {CB8860BA-AF7D-4416-918A-CD4515A1DFAB}
	EndGlobalSection
EndGlobal
